
Microsoft Visual Studio Solution File, Format Version 12.00
# Visual Studio 15
VisualStudioVersion = 15.0.28010.2026
MinimumVisualStudioVersion = 10.0.40219.1
Project("{2150E333-8FDC-42A3-9474-1A3956D46DE8}") = "Api", "Api", "{D117FCC5-588C-440F-B873-62387F5C5724}"
EndProject
Project("{2150E333-8FDC-42A3-9474-1A3956D46DE8}") = "Core", "Core", "{D7598FE2-8379-49F0-A035-5E24496D9286}"
EndProject
Project("{2150E333-8FDC-42A3-9474-1A3956D46DE8}") = "Modules", "Modules", "{50FC3C8D-E48F-493D-9793-169799ACA889}"
EndProject
Project("{9A19103F-16F7-4668-BE54-9A1E7A4F7556}") = "Pantokrator.Api.Product.V1", "src\Modules\Pantokrator.Api.Product.V1\Pantokrator.Api.Product.V1.csproj", "{7F458022-5945-4135-A2B9-4D71213D1C3F}"
EndProject
Project("{9A19103F-16F7-4668-BE54-9A1E7A4F7556}") = "Pantokrator.Core", "src\Libraries\Pantokrator.Core\Pantokrator.Core.csproj", "{D6B4E04D-50B9-4969-B0B9-F0CCE912B4AA}"
EndProject
Project("{9A19103F-16F7-4668-BE54-9A1E7A4F7556}") = "Pantokrator.Data", "src\Libraries\Pantokrator.Data\Pantokrator.Data.csproj", "{9A33BEBB-3E01-4DAC-AFF1-0D76FD50D3D7}"
EndProject
Project("{FAE04EC0-301F-11D3-BF4B-00C04F79EFBC}") = "Pantokrator.Api.Product.V2", "src\Modules\Pantokrator.Api.Product.V2\Pantokrator.Api.Product.V2.csproj", "{D9F9614A-1780-4745-A935-4C22116EC9B4}"
EndProject
Project("{9A19103F-16F7-4668-BE54-9A1E7A4F7556}") = "Pantokrator.Api.App", "src\Applications\Pantokrator.Api.App\Pantokrator.Api.App.csproj", "{50774EFF-FE52-426E-A0FC-2E0B2C2F759A}"
EndProject
Project("{FAE04EC0-301F-11D3-BF4B-00C04F79EFBC}") = "Pantokrator.Api.Payment", "src\Modules\Pantokrator.Api.Payment\Pantokrator.Api.Payment.csproj", "{9AD3B2B8-5705-45DA-B8C8-09BA2C655391}"
EndProject
Project("{FAE04EC0-301F-11D3-BF4B-00C04F79EFBC}") = "Pantokrator.Api.Order", "src\Modules\Pantokrator.Api.Order\Pantokrator.Api.Order.csproj", "{41BAE1FA-00DC-45A6-B912-A3A78EEF7DC1}"
EndProject
Project("{2150E333-8FDC-42A3-9474-1A3956D46DE8}") = "Solution Items", "Solution Items", "{2C63CBE8-5E1A-4FA3-9CFA-EF4DE79BA6A0}"
	ProjectSection(SolutionItems) = preProject
		.gitignore = .gitignore
	EndProjectSection
EndProject
Project("{FAE04EC0-301F-11D3-BF4B-00C04F79EFBC}") = "Pantokrator.Api.Customer", "src\Modules\Pantokrator.Api.Customer\Pantokrator.Api.Customer.csproj", "{12F78C06-7749-4D7E-94AF-7FE3C72374F6}"
EndProject
Global
	GlobalSection(SolutionConfigurationPlatforms) = preSolution
		Debug|Any CPU = Debug|Any CPU
		Release|Any CPU = Release|Any CPU
	EndGlobalSection
	GlobalSection(ProjectConfigurationPlatforms) = postSolution
		{7F458022-5945-4135-A2B9-4D71213D1C3F}.Debug|Any CPU.ActiveCfg = Debug|Any CPU
		{7F458022-5945-4135-A2B9-4D71213D1C3F}.Debug|Any CPU.Build.0 = Debug|Any CPU
		{7F458022-5945-4135-A2B9-4D71213D1C3F}.Release|Any CPU.ActiveCfg = Release|Any CPU
		{7F458022-5945-4135-A2B9-4D71213D1C3F}.Release|Any CPU.Build.0 = Release|Any CPU
		{D6B4E04D-50B9-4969-B0B9-F0CCE912B4AA}.Debug|Any CPU.ActiveCfg = Debug|Any CPU
		{D6B4E04D-50B9-4969-B0B9-F0CCE912B4AA}.Debug|Any CPU.Build.0 = Debug|Any CPU
		{D6B4E04D-50B9-4969-B0B9-F0CCE912B4AA}.Release|Any CPU.ActiveCfg = Release|Any CPU
		{D6B4E04D-50B9-4969-B0B9-F0CCE912B4AA}.Release|Any CPU.Build.0 = Release|Any CPU
		{9A33BEBB-3E01-4DAC-AFF1-0D76FD50D3D7}.Debug|Any CPU.ActiveCfg = Debug|Any CPU
		{9A33BEBB-3E01-4DAC-AFF1-0D76FD50D3D7}.Debug|Any CPU.Build.0 = Debug|Any CPU
		{9A33BEBB-3E01-4DAC-AFF1-0D76FD50D3D7}.Release|Any CPU.ActiveCfg = Release|Any CPU
		{9A33BEBB-3E01-4DAC-AFF1-0D76FD50D3D7}.Release|Any CPU.Build.0 = Release|Any CPU
		{D9F9614A-1780-4745-A935-4C22116EC9B4}.Debug|Any CPU.ActiveCfg = Debug|Any CPU
		{D9F9614A-1780-4745-A935-4C22116EC9B4}.Debug|Any CPU.Build.0 = Debug|Any CPU
		{D9F9614A-1780-4745-A935-4C22116EC9B4}.Release|Any CPU.ActiveCfg = Release|Any CPU
		{D9F9614A-1780-4745-A935-4C22116EC9B4}.Release|Any CPU.Build.0 = Release|Any CPU
		{50774EFF-FE52-426E-A0FC-2E0B2C2F759A}.Debug|Any CPU.ActiveCfg = Debug|Any CPU
		{50774EFF-FE52-426E-A0FC-2E0B2C2F759A}.Debug|Any CPU.Build.0 = Debug|Any CPU
		{50774EFF-FE52-426E-A0FC-2E0B2C2F759A}.Release|Any CPU.ActiveCfg = Release|Any CPU
		{50774EFF-FE52-426E-A0FC-2E0B2C2F759A}.Release|Any CPU.Build.0 = Release|Any CPU
		{9AD3B2B8-5705-45DA-B8C8-09BA2C655391}.Debug|Any CPU.ActiveCfg = Debug|Any CPU
		{9AD3B2B8-5705-45DA-B8C8-09BA2C655391}.Debug|Any CPU.Build.0 = Debug|Any CPU
		{9AD3B2B8-5705-45DA-B8C8-09BA2C655391}.Release|Any CPU.ActiveCfg = Release|Any CPU
		{9AD3B2B8-5705-45DA-B8C8-09BA2C655391}.Release|Any CPU.Build.0 = Release|Any CPU
		{41BAE1FA-00DC-45A6-B912-A3A78EEF7DC1}.Debug|Any CPU.ActiveCfg = Debug|Any CPU
		{41BAE1FA-00DC-45A6-B912-A3A78EEF7DC1}.Debug|Any CPU.Build.0 = Debug|Any CPU
		{41BAE1FA-00DC-45A6-B912-A3A78EEF7DC1}.Release|Any CPU.ActiveCfg = Release|Any CPU
		{41BAE1FA-00DC-45A6-B912-A3A78EEF7DC1}.Release|Any CPU.Build.0 = Release|Any CPU
		{12F78C06-7749-4D7E-94AF-7FE3C72374F6}.Debug|Any CPU.ActiveCfg = Debug|Any CPU
		{12F78C06-7749-4D7E-94AF-7FE3C72374F6}.Debug|Any CPU.Build.0 = Debug|Any CPU
		{12F78C06-7749-4D7E-94AF-7FE3C72374F6}.Release|Any CPU.ActiveCfg = Release|Any CPU
		{12F78C06-7749-4D7E-94AF-7FE3C72374F6}.Release|Any CPU.Build.0 = Release|Any CPU
	EndGlobalSection
	GlobalSection(SolutionProperties) = preSolution
		HideSolutionNode = FALSE
	EndGlobalSection
	GlobalSection(NestedProjects) = preSolution
		{7F458022-5945-4135-A2B9-4D71213D1C3F} = {50FC3C8D-E48F-493D-9793-169799ACA889}
		{D6B4E04D-50B9-4969-B0B9-F0CCE912B4AA} = {D7598FE2-8379-49F0-A035-5E24496D9286}
		{9A33BEBB-3E01-4DAC-AFF1-0D76FD50D3D7} = {D7598FE2-8379-49F0-A035-5E24496D9286}
		{D9F9614A-1780-4745-A935-4C22116EC9B4} = {50FC3C8D-E48F-493D-9793-169799ACA889}
		{50774EFF-FE52-426E-A0FC-2E0B2C2F759A} = {D117FCC5-588C-440F-B873-62387F5C5724}
		{9AD3B2B8-5705-45DA-B8C8-09BA2C655391} = {50FC3C8D-E48F-493D-9793-169799ACA889}
		{41BAE1FA-00DC-45A6-B912-A3A78EEF7DC1} = {50FC3C8D-E48F-493D-9793-169799ACA889}
		{12F78C06-7749-4D7E-94AF-7FE3C72374F6} = {50FC3C8D-E48F-493D-9793-169799ACA889}
	EndGlobalSection
	GlobalSection(ExtensibilityGlobals) = postSolution
		SolutionGuid = {34185410-A0C6-469E-A3D3-BEE10744C2ED}
	EndGlobalSection
EndGlobal
